# This file was autogenerated by Stack.
# You should not edit this file by hand.
# For more information, please see the documentation at:
#   https://docs.haskellstack.org/en/stable/lock_files

packages:
- completed:
    hackage: hspec-expectations-json-1.0.2.1@sha256:39054effab62cba6cc1fd526247cb2e8c24b573bf49239f3002378caabe876c9,3561
    pantry-tree:
      sha256: 639bc1557b2ee821a438f507a7c589510cc1ba37d3480d155a667b0b5563cca6
      size: 789
  original:
    hackage: hspec-expectations-json-1.0.2.1
snapshots:
- completed:
    sha256: 637fb77049b25560622a224845b7acfe81a09fdb6a96a3c75997a10b651667f6
    size: 534126
    url: https://raw.githubusercontent.com/commercialhaskell/stackage-snapshots/master/lts/16/31.yaml
  original: lts-16.31
